
Microsoft Visual Studio Solution File, Format Version 12.00
# Visual Studio Version 16
VisualStudioVersion = 16.0.29609.76
MinimumVisualStudioVersion = 10.0.40219.1
Project("{FAE04EC0-301F-11D3-BF4B-00C04F79EFBC}") = "IntegracaoIdentityServer", "IntegracaoIdentityServer.csproj", "{972B5688-EB17-4AF8-9BF7-151F2AFBB9BB}"
EndProject
Global
	GlobalSection(SolutionConfigurationPlatforms) = preSolution
		Debug|Any CPU = Debug|Any CPU
		Release|Any CPU = Release|Any CPU
	EndGlobalSection
	GlobalSection(ProjectConfigurationPlatforms) = postSolution
		{972B5688-EB17-4AF8-9BF7-151F2AFBB9BB}.Debug|Any CPU.ActiveCfg = Debug|Any CPU
		{972B5688-EB17-4AF8-9BF7-151F2AFBB9BB}.Debug|Any CPU.Build.0 = Debug|Any CPU
		{972B5688-EB17-4AF8-9BF7-151F2AFBB9BB}.Release|Any CPU.ActiveCfg = Release|Any CPU
		{972B5688-EB17-4AF8-9BF7-151F2AFBB9BB}.Release|Any CPU.Build.0 = Release|Any CPU
	EndGlobalSection
	GlobalSection(SolutionProperties) = preSolution
		HideSolutionNode = FALSE
	EndGlobalSection
	GlobalSection(ExtensibilityGlobals) = postSolution
		SolutionGuid = {468ADAE3-6DA9-42DC-8A14-91F38F98AF68}
	EndGlobalSection
EndGlobal
